// !$*UTF8*$!
{
	archiveVersion = 1;
	classes = {
	};
	objectVersion = 46;
	objects = {

/* Begin PBXBuildFile section */
		132086CD2234A24F00296456 /* ForecastViewController.swift in Sources */ = {isa = PBXBuildFile; fileRef = 132086CC2234A24F00296456 /* ForecastViewController.swift */; };
		132086CF2234B1F400296456 /* search_icon.png in Resources */ = {isa = PBXBuildFile; fileRef = 132086CE2234B1F400296456 /* search_icon.png */; };
		132086D12234B82900296456 /* SettingsViewController.swift in Sources */ = {isa = PBXBuildFile; fileRef = 132086D02234B82900296456 /* SettingsViewController.swift */; };
		132A3F87264DA37200887CDB /* CustomCell.swift in Sources */ = {isa = PBXBuildFile; fileRef = 132A3F86264DA37200887CDB /* CustomCell.swift */; };
		132A3F89264DC1BA00887CDB /* ConditionDataModel.swift in Sources */ = {isa = PBXBuildFile; fileRef = 132A3F88264DC1BA00887CDB /* ConditionDataModel.swift */; };
		139A080F264B09C8000EB652 /* ForecastDataModel.swift in Sources */ = {isa = PBXBuildFile; fileRef = 139A080E264B09C8000EB652 /* ForecastDataModel.swift */; };
		63E28AD11B99C32400FBF6E0 /* AppDelegate.swift in Sources */ = {isa = PBXBuildFile; fileRef = 63E28AD01B99C32400FBF6E0 /* AppDelegate.swift */; };
		63E28AF11B99C35700FBF6E0 /* WeatherDataModel.swift in Sources */ = {isa = PBXBuildFile; fileRef = 63E28AF01B99C35700FBF6E0 /* WeatherDataModel.swift */; };
		63E28AF61B99C36100FBF6E0 /* ChangeCityViewController.swift in Sources */ = {isa = PBXBuildFile; fileRef = 63E28AF21B99C36100FBF6E0 /* ChangeCityViewController.swift */; };
		63E28AF71B99C36100FBF6E0 /* Images.xcassets in Resources */ = {isa = PBXBuildFile; fileRef = 63E28AF31B99C36100FBF6E0 /* Images.xcassets */; };
		63E28AF81B99C36100FBF6E0 /* Main.storyboard in Resources */ = {isa = PBXBuildFile; fileRef = 63E28AF41B99C36100FBF6E0 /* Main.storyboard */; };
		63E28AF91B99C36100FBF6E0 /* WeatherViewController.swift in Sources */ = {isa = PBXBuildFile; fileRef = 63E28AF51B99C36100FBF6E0 /* WeatherViewController.swift */; };
		63E28AFF1B99C3B300FBF6E0 /* LaunchScreen.xib in Resources */ = {isa = PBXBuildFile; fileRef = 63E28AFE1B99C3B300FBF6E0 /* LaunchScreen.xib */; };
		D5820E253386433201F371FF /* Pods_WeatherApp.framework in Frameworks */ = {isa = PBXBuildFile; fileRef = E48C8D374077DE8AD0D97A7E /* Pods_WeatherApp.framework */; };
/* End PBXBuildFile section */

/* Begin PBXFileReference section */
		0A9EC98D6A0CFDE29B11BC75 /* Pods-WeatherApp.debug.xcconfig */ = {isa = PBXFileReference; includeInIndex = 1; lastKnownFileType = text.xcconfig; name = "Pods-WeatherApp.debug.xcconfig"; path = "Target Support Files/Pods-WeatherApp/Pods-WeatherApp.debug.xcconfig"; sourceTree = "<group>"; };
		132086CC2234A24F00296456 /* ForecastViewController.swift */ = {isa = PBXFileReference; lastKnownFileType = sourcecode.swift; path = ForecastViewController.swift; sourceTree = "<group>"; };
		132086CE2234B1F400296456 /* search_icon.png */ = {isa = PBXFileReference; lastKnownFileType = image.png; name = search_icon.png; path = Images.xcassets/search_icon.png; sourceTree = "<group>"; };
		132086D02234B82900296456 /* SettingsViewController.swift */ = {isa = PBXFileReference; lastKnownFileType = sourcecode.swift; path = SettingsViewController.swift; sourceTree = "<group>"; };
		132A3F86264DA37200887CDB /* CustomCell.swift */ = {isa = PBXFileReference; lastKnownFileType = sourcecode.swift; path = CustomCell.swift; sourceTree = "<group>"; };
		132A3F88264DC1BA00887CDB /* ConditionDataModel.swift */ = {isa = PBXFileReference; lastKnownFileType = sourcecode.swift; path = ConditionDataModel.swift; sourceTree = "<group>"; };
		139A080E264B09C8000EB652 /* ForecastDataModel.swift */ = {isa = PBXFileReference; lastKnownFileType = sourcecode.swift; path = ForecastDataModel.swift; sourceTree = "<group>"; };
		139A0810264B0D19000EB652 /* WeatherApp.app */ = {isa = PBXFileReference; explicitFileType = wrapper.application; includeInIndex = 0; path = WeatherApp.app; sourceTree = BUILT_PRODUCTS_DIR; };
		39391A4A9A01789F9F8B692D /* Pods-WeatherApp.release.xcconfig */ = {isa = PBXFileReference; includeInIndex = 1; lastKnownFileType = text.xcconfig; name = "Pods-WeatherApp.release.xcconfig"; path = "Target Support Files/Pods-WeatherApp/Pods-WeatherApp.release.xcconfig"; sourceTree = "<group>"; };
		63E28ACF1B99C32400FBF6E0 /* Info.plist */ = {isa = PBXFileReference; lastKnownFileType = text.plist.xml; path = Info.plist; sourceTree = "<group>"; };
		63E28AD01B99C32400FBF6E0 /* AppDelegate.swift */ = {isa = PBXFileReference; lastKnownFileType = sourcecode.swift; path = AppDelegate.swift; sourceTree = "<group>"; };
		63E28AF01B99C35700FBF6E0 /* WeatherDataModel.swift */ = {isa = PBXFileReference; fileEncoding = 4; lastKnownFileType = sourcecode.swift; path = WeatherDataModel.swift; sourceTree = "<group>"; };
		63E28AF21B99C36100FBF6E0 /* ChangeCityViewController.swift */ = {isa = PBXFileReference; fileEncoding = 4; lastKnownFileType = sourcecode.swift; path = ChangeCityViewController.swift; sourceTree = "<group>"; };
		63E28AF31B99C36100FBF6E0 /* Images.xcassets */ = {isa = PBXFileReference; lastKnownFileType = folder.assetcatalog; path = Images.xcassets; sourceTree = "<group>"; };
		63E28AF41B99C36100FBF6E0 /* Main.storyboard */ = {isa = PBXFileReference; fileEncoding = 4; lastKnownFileType = file.storyboard; path = Main.storyboard; sourceTree = "<group>"; };
		63E28AF51B99C36100FBF6E0 /* WeatherViewController.swift */ = {isa = PBXFileReference; fileEncoding = 4; lastKnownFileType = sourcecode.swift; path = WeatherViewController.swift; sourceTree = "<group>"; };
		63E28AFE1B99C3B300FBF6E0 /* LaunchScreen.xib */ = {isa = PBXFileReference; fileEncoding = 4; lastKnownFileType = file.xib; path = LaunchScreen.xib; sourceTree = "<group>"; };
		E48C8D374077DE8AD0D97A7E /* Pods_WeatherApp.framework */ = {isa = PBXFileReference; explicitFileType = wrapper.framework; includeInIndex = 0; path = Pods_WeatherApp.framework; sourceTree = BUILT_PRODUCTS_DIR; };
/* End PBXFileReference section */

/* Begin PBXFrameworksBuildPhase section */
		63E28AC81B99C32400FBF6E0 /* Frameworks */ = {
			isa = PBXFrameworksBuildPhase;
			buildActionMask = 2147483647;
			files = (
				D5820E253386433201F371FF /* Pods_WeatherApp.framework in Frameworks */,
			);
			runOnlyForDeploymentPostprocessing = 0;
		};
/* End PBXFrameworksBuildPhase section */

/* Begin PBXGroup section */
		1EDD429A073B88129DE81FD1 /* Pods */ = {
			isa = PBXGroup;
			children = (
				0A9EC98D6A0CFDE29B11BC75 /* Pods-WeatherApp.debug.xcconfig */,
				39391A4A9A01789F9F8B692D /* Pods-WeatherApp.release.xcconfig */,
			);
			path = Pods;
			sourceTree = "<group>";
		};
		63E28AC21B99C32400FBF6E0 = {
			isa = PBXGroup;
			children = (
				63E28ACD1B99C32400FBF6E0 /* WeatherApp */,
				1EDD429A073B88129DE81FD1 /* Pods */,
				139A0810264B0D19000EB652 /* WeatherApp.app */,
				E7C5F3C6DCD8BD33B4FBBE5D /* Frameworks */,
			);
			sourceTree = "<group>";
		};
		63E28ACD1B99C32400FBF6E0 /* WeatherApp */ = {
			isa = PBXGroup;
			children = (
				63E28AFD1B99C38100FBF6E0 /* View */,
				63E28AFA1B99C36D00FBF6E0 /* Model */,
				63E28AFB1B99C37500FBF6E0 /* Controller */,
				63E28AF31B99C36100FBF6E0 /* Images.xcassets */,
				132086CE2234B1F400296456 /* search_icon.png */,
				63E28AFE1B99C3B300FBF6E0 /* LaunchScreen.xib */,
				63E28ACF1B99C32400FBF6E0 /* Info.plist */,
			);
			path = WeatherApp;
			sourceTree = "<group>";
		};
		63E28AFA1B99C36D00FBF6E0 /* Model */ = {
			isa = PBXGroup;
			children = (
				63E28AF01B99C35700FBF6E0 /* WeatherDataModel.swift */,
				132A3F88264DC1BA00887CDB /* ConditionDataModel.swift */,
				139A080E264B09C8000EB652 /* ForecastDataModel.swift */,
			);
			name = Model;
			sourceTree = "<group>";
		};
		63E28AFB1B99C37500FBF6E0 /* Controller */ = {
			isa = PBXGroup;
			children = (
				132086CC2234A24F00296456 /* ForecastViewController.swift */,
				132A3F86264DA37200887CDB /* CustomCell.swift */,
				63E28AF51B99C36100FBF6E0 /* WeatherViewController.swift */,
				132086D02234B82900296456 /* SettingsViewController.swift */,
				63E28AF21B99C36100FBF6E0 /* ChangeCityViewController.swift */,
				63E28AD01B99C32400FBF6E0 /* AppDelegate.swift */,
			);
			name = Controller;
			sourceTree = "<group>";
		};
		63E28AFD1B99C38100FBF6E0 /* View */ = {
			isa = PBXGroup;
			children = (
				63E28AF41B99C36100FBF6E0 /* Main.storyboard */,
			);
			name = View;
			sourceTree = "<group>";
		};
		E7C5F3C6DCD8BD33B4FBBE5D /* Frameworks */ = {
			isa = PBXGroup;
			children = (
				E48C8D374077DE8AD0D97A7E /* Pods_WeatherApp.framework */,
			);
			name = Frameworks;
			sourceTree = "<group>";
		};
/* End PBXGroup section */

/* Begin PBXNativeTarget section */
		63E28ACA1B99C32400FBF6E0 /* WeatherApp */ = {
			isa = PBXNativeTarget;
			buildConfigurationList = 63E28AEA1B99C32400FBF6E0 /* Build configuration list for PBXNativeTarget "WeatherApp" */;
			buildPhases = (
				0B9F1FDD2DAA2DDE78344483 /* [CP] Check Pods Manifest.lock */,
				63E28AC71B99C32400FBF6E0 /* Sources */,
				63E28AC81B99C32400FBF6E0 /* Frameworks */,
				63E28AC91B99C32400FBF6E0 /* Resources */,
				6A15077E9FEA42042B796534 /* [CP] Embed Pods Frameworks */,
			);
			buildRules = (
			);
			dependencies = (
			);
			name = WeatherApp;
			productName = Clima;
			productReference = 139A0810264B0D19000EB652 /* WeatherApp.app */;
			productType = "com.apple.product-type.application";
		};
/* End PBXNativeTarget section */

/* Begin PBXProject section */
		63E28AC31B99C32400FBF6E0 /* Project object */ = {
			isa = PBXProject;
			attributes = {
				LastSwiftUpdateCheck = 0700;
				LastUpgradeCheck = 1250;
				ORGANIZATIONNAME = "London App Brewery";
				TargetAttributes = {
					63E28ACA1B99C32400FBF6E0 = {
						CreatedOnToolsVersion = 6.4;
						DevelopmentTeam = MMN2HV7AT9;
						LastSwiftMigration = 1120;
					};
				};
			};
			buildConfigurationList = 63E28AC61B99C32400FBF6E0 /* Build configuration list for PBXProject "WeatherApp" */;
			compatibilityVersion = "Xcode 3.2";
			developmentRegion = en;
			hasScannedForEncodings = 0;
			knownRegions = (
				en,
				Base,
			);
			mainGroup = 63E28AC21B99C32400FBF6E0;
			productRefGroup = 63E28AC21B99C32400FBF6E0;
			projectDirPath = "";
			projectRoot = "";
			targets = (
				63E28ACA1B99C32400FBF6E0 /* WeatherApp */,
			);
		};
/* End PBXProject section */

/* Begin PBXResourcesBuildPhase section */
		63E28AC91B99C32400FBF6E0 /* Resources */ = {
			isa = PBXResourcesBuildPhase;
			buildActionMask = 2147483647;
			files = (
				63E28AF71B99C36100FBF6E0 /* Images.xcassets in Resources */,
				63E28AFF1B99C3B300FBF6E0 /* LaunchScreen.xib in Resources */,
				63E28AF81B99C36100FBF6E0 /* Main.storyboard in Resources */,
				132086CF2234B1F400296456 /* search_icon.png in Resources */,
			);
			runOnlyForDeploymentPostprocessing = 0;
		};
/* End PBXResourcesBuildPhase section */

/* Begin PBXShellScriptBuildPhase section */
		0B9F1FDD2DAA2DDE78344483 /* [CP] Check Pods Manifest.lock */ = {
			isa = PBXShellScriptBuildPhase;
			buildActionMask = 2147483647;
			files = (
			);
			inputFileListPaths = (
			);
			inputPaths = (
				"${PODS_PODFILE_DIR_PATH}/Podfile.lock",
				"${PODS_ROOT}/Manifest.lock",
			);
			name = "[CP] Check Pods Manifest.lock";
			outputFileListPaths = (
			);
			outputPaths = (
				"$(DERIVED_FILE_DIR)/Pods-WeatherApp-checkManifestLockResult.txt",
			);
			runOnlyForDeploymentPostprocessing = 0;
			shellPath = /bin/sh;
			shellScript = "diff \"${PODS_PODFILE_DIR_PATH}/Podfile.lock\" \"${PODS_ROOT}/Manifest.lock\" > /dev/null\nif [ $? != 0 ] ; then\n    # print error to STDERR\n    echo \"error: The sandbox is not in sync with the Podfile.lock. Run 'pod install' or update your CocoaPods installation.\" >&2\n    exit 1\nfi\n# This output is used by Xcode 'outputs' to avoid re-running this script phase.\necho \"SUCCESS\" > \"${SCRIPT_OUTPUT_FILE_0}\"\n";
			showEnvVarsInLog = 0;
		};
		6A15077E9FEA42042B796534 /* [CP] Embed Pods Frameworks */ = {
			isa = PBXShellScriptBuildPhase;
			buildActionMask = 2147483647;
			files = (
			);
			inputPaths = (
				"${PODS_ROOT}/Target Support Files/Pods-WeatherApp/Pods-WeatherApp-frameworks.sh",
				"${BUILT_PRODUCTS_DIR}/Alamofire/Alamofire.framework",
				"${BUILT_PRODUCTS_DIR}/AlamofireObjectMapper/AlamofireObjectMapper.framework",
				"${BUILT_PRODUCTS_DIR}/ForecastIO/ForecastIO.framework",
				"${BUILT_PRODUCTS_DIR}/ObjectMapper/ObjectMapper.framework",
				"${BUILT_PRODUCTS_DIR}/SVProgressHUD/SVProgressHUD.framework",
				"${BUILT_PRODUCTS_DIR}/SwiftyJSON/SwiftyJSON.framework",
			);
			name = "[CP] Embed Pods Frameworks";
			outputPaths = (
				"${TARGET_BUILD_DIR}/${FRAMEWORKS_FOLDER_PATH}/Alamofire.framework",
				"${TARGET_BUILD_DIR}/${FRAMEWORKS_FOLDER_PATH}/AlamofireObjectMapper.framework",
				"${TARGET_BUILD_DIR}/${FRAMEWORKS_FOLDER_PATH}/ForecastIO.framework",
				"${TARGET_BUILD_DIR}/${FRAMEWORKS_FOLDER_PATH}/ObjectMapper.framework",
				"${TARGET_BUILD_DIR}/${FRAMEWORKS_FOLDER_PATH}/SVProgressHUD.framework",
				"${TARGET_BUILD_DIR}/${FRAMEWORKS_FOLDER_PATH}/SwiftyJSON.framework",
			);
			runOnlyForDeploymentPostprocessing = 0;
			shellPath = /bin/sh;
			shellScript = "\"${PODS_ROOT}/Target Support Files/Pods-WeatherApp/Pods-WeatherApp-frameworks.sh\"\n";
			showEnvVarsInLog = 0;
		};
/* End PBXShellScriptBuildPhase section */

/* Begin PBXSourcesBuildPhase section */
		63E28AC71B99C32400FBF6E0 /* Sources */ = {
			isa = PBXSourcesBuildPhase;
			buildActionMask = 2147483647;
			files = (
				63E28AF11B99C35700FBF6E0 /* WeatherDataModel.swift in Sources */,
				63E28AF91B99C36100FBF6E0 /* WeatherViewController.swift in Sources */,
				132A3F89264DC1BA00887CDB /* ConditionDataModel.swift in Sources */,
				139A080F264B09C8000EB652 /* ForecastDataModel.swift in Sources */,
				132086CD2234A24F00296456 /* ForecastViewController.swift in Sources */,
				63E28AD11B99C32400FBF6E0 /* AppDelegate.swift in Sources */,
				63E28AF61B99C36100FBF6E0 /* ChangeCityViewController.swift in Sources */,
				132A3F87264DA37200887CDB /* CustomCell.swift in Sources */,
				132086D12234B82900296456 /* SettingsViewController.swift in Sources */,
			);
			runOnlyForDeploymentPostprocessing = 0;
		};
/* End PBXSourcesBuildPhase section */

/* Begin XCBuildConfiguration section */
		63E28AE81B99C32400FBF6E0 /* Debug */ = {
			isa = XCBuildConfiguration;
			buildSettings = {
				ALWAYS_SEARCH_USER_PATHS = NO;
				CLANG_ANALYZER_LOCALIZABILITY_NONLOCALIZED = YES;
				CLANG_CXX_LANGUAGE_STANDARD = "gnu++0x";
				CLANG_CXX_LIBRARY = "libc++";
				CLANG_ENABLE_MODULES = YES;
				CLANG_ENABLE_OBJC_ARC = YES;
				CLANG_WARN_BLOCK_CAPTURE_AUTORELEASING = YES;
				CLANG_WARN_BOOL_CONVERSION = YES;
				CLANG_WARN_COMMA = YES;
				CLANG_WARN_CONSTANT_CONVERSION = YES;
				CLANG_WARN_DEPRECATED_OBJC_IMPLEMENTATIONS = YES;
				CLANG_WARN_DIRECT_OBJC_ISA_USAGE = YES_ERROR;
				CLANG_WARN_EMPTY_BODY = YES;
				CLANG_WARN_ENUM_CONVERSION = YES;
				CLANG_WARN_INFINITE_RECURSION = YES;
				CLANG_WARN_INT_CONVERSION = YES;
				CLANG_WARN_NON_LITERAL_NULL_CONVERSION = YES;
				CLANG_WARN_OBJC_IMPLICIT_RETAIN_SELF = YES;
				CLANG_WARN_OBJC_LITERAL_CONVERSION = YES;
				CLANG_WARN_OBJC_ROOT_CLASS = YES_ERROR;
				CLANG_WARN_QUOTED_INCLUDE_IN_FRAMEWORK_HEADER = YES;
				CLANG_WARN_RANGE_LOOP_ANALYSIS = YES;
				CLANG_WARN_STRICT_PROTOTYPES = YES;
				CLANG_WARN_SUSPICIOUS_MOVE = YES;
				CLANG_WARN_UNREACHABLE_CODE = YES;
				CLANG_WARN__DUPLICATE_METHOD_MATCH = YES;
				"CODE_SIGN_IDENTITY[sdk=iphoneos*]" = "iPhone Developer";
				COPY_PHASE_STRIP = NO;
				DEBUG_INFORMATION_FORMAT = "dwarf-with-dsym";
				ENABLE_STRICT_OBJC_MSGSEND = YES;
				ENABLE_TESTABILITY = YES;
				GCC_C_LANGUAGE_STANDARD = gnu99;
				GCC_DYNAMIC_NO_PIC = NO;
				GCC_NO_COMMON_BLOCKS = YES;
				GCC_OPTIMIZATION_LEVEL = 0;
				GCC_PREPROCESSOR_DEFINITIONS = (
					"DEBUG=1",
					"$(inherited)",
				);
				GCC_SYMBOLS_PRIVATE_EXTERN = NO;
				GCC_WARN_64_TO_32_BIT_CONVERSION = YES;
				GCC_WARN_ABOUT_RETURN_TYPE = YES_ERROR;
				GCC_WARN_UNDECLARED_SELECTOR = YES;
				GCC_WARN_UNINITIALIZED_AUTOS = YES_AGGRESSIVE;
				GCC_WARN_UNUSED_FUNCTION = YES;
				GCC_WARN_UNUSED_VARIABLE = YES;
				IPHONEOS_DEPLOYMENT_TARGET = 14.1;
				MTL_ENABLE_DEBUG_INFO = YES;
				ONLY_ACTIVE_ARCH = YES;
				SDKROOT = iphoneos;
				SWIFT_OPTIMIZATION_LEVEL = "-Onone";
			};
			name = Debug;
		};
		63E28AE91B99C32400FBF6E0 /* Release */ = {
			isa = XCBuildConfiguration;
			buildSettings = {
				ALWAYS_SEARCH_USER_PATHS = NO;
				CLANG_ANALYZER_LOCALIZABILITY_NONLOCALIZED = YES;
				CLANG_CXX_LANGUAGE_STANDARD = "gnu++0x";
				CLANG_CXX_LIBRARY = "libc++";
				CLANG_ENABLE_MODULES = YES;
				CLANG_ENABLE_OBJC_ARC = YES;
				CLANG_WARN_BLOCK_CAPTURE_AUTORELEASING = YES;
				CLANG_WARN_BOOL_CONVERSION = YES;
				CLANG_WARN_COMMA = YES;
				CLANG_WARN_CONSTANT_CONVERSION = YES;
				CLANG_WARN_DEPRECATED_OBJC_IMPLEMENTATIONS = YES;
				CLANG_WARN_DIRECT_OBJC_ISA_USAGE = YES_ERROR;
				CLANG_WARN_EMPTY_BODY = YES;
				CLANG_WARN_ENUM_CONVERSION = YES;
				CLANG_WARN_INFINITE_RECURSION = YES;
				CLANG_WARN_INT_CONVERSION = YES;
				CLANG_WARN_NON_LITERAL_NULL_CONVERSION = YES;
				CLANG_WARN_OBJC_IMPLICIT_RETAIN_SELF = YES;
				CLANG_WARN_OBJC_LITERAL_CONVERSION = YES;
				CLANG_WARN_OBJC_ROOT_CLASS = YES_ERROR;
				CLANG_WARN_QUOTED_INCLUDE_IN_FRAMEWORK_HEADER = YES;
				CLANG_WARN_RANGE_LOOP_ANALYSIS = YES;
				CLANG_WARN_STRICT_PROTOTYPES = YES;
				CLANG_WARN_SUSPICIOUS_MOVE = YES;
				CLANG_WARN_UNREACHABLE_CODE = YES;
				CLANG_WARN__DUPLICATE_METHOD_MATCH = YES;
				"CODE_SIGN_IDENTITY[sdk=iphoneos*]" = "iPhone Developer";
				COPY_PHASE_STRIP = NO;
				DEBUG_INFORMATION_FORMAT = "dwarf-with-dsym";
				ENABLE_NS_ASSERTIONS = NO;
				ENABLE_STRICT_OBJC_MSGSEND = YES;
				GCC_C_LANGUAGE_STANDARD = gnu99;
				GCC_NO_COMMON_BLOCKS = YES;
				GCC_WARN_64_TO_32_BIT_CONVERSION = YES;
				GCC_WARN_ABOUT_RETURN_TYPE = YES_ERROR;
				GCC_WARN_UNDECLARED_SELECTOR = YES;
				GCC_WARN_UNINITIALIZED_AUTOS = YES_AGGRESSIVE;
				GCC_WARN_UNUSED_FUNCTION = YES;
				GCC_WARN_UNUSED_VARIABLE = YES;
				IPHONEOS_DEPLOYMENT_TARGET = 14.1;
				MTL_ENABLE_DEBUG_INFO = NO;
				SDKROOT = iphoneos;
				SWIFT_OPTIMIZATION_LEVEL = "-Owholemodule";
				VALIDATE_PRODUCT = YES;
			};
			name = Release;
		};
		63E28AEB1B99C32400FBF6E0 /* Debug */ = {
			isa = XCBuildConfiguration;
			baseConfigurationReference = 0A9EC98D6A0CFDE29B11BC75 /* Pods-WeatherApp.debug.xcconfig */;
			buildSettings = {
				ASSETCATALOG_COMPILER_APPICON_NAME = AppIcon;
				DEVELOPMENT_TEAM = MMN2HV7AT9;
				INFOPLIST_FILE = "$(SRCROOT)/WeatherApp/Info.plist";
				IPHONEOS_DEPLOYMENT_TARGET = 12.0;
				LD_RUNPATH_SEARCH_PATHS = "$(inherited) @executable_path/Frameworks";
				PRODUCT_BUNDLE_IDENTIFIER = com.yuxuan.weather;
				PRODUCT_NAME = "$(TARGET_NAME)";
				SWIFT_SWIFT3_OBJC_INFERENCE = Off;
				SWIFT_VERSION = 5.0;
				TARGETED_DEVICE_FAMILY = 1;
			};
			name = Debug;
		};
		63E28AEC1B99C32400FBF6E0 /* Release */ = {
			isa = XCBuildConfiguration;
			baseConfigurationReference = 39391A4A9A01789F9F8B692D /* Pods-WeatherApp.release.xcconfig */;
			buildSettings = {
				ASSETCATALOG_COMPILER_APPICON_NAME = AppIcon;
				DEVELOPMENT_TEAM = MMN2HV7AT9;
				INFOPLIST_FILE = "$(SRCROOT)/WeatherApp/Info.plist";
				IPHONEOS_DEPLOYMENT_TARGET = 12.0;
				LD_RUNPATH_SEARCH_PATHS = "$(inherited) @executable_path/Frameworks";
				PRODUCT_BUNDLE_IDENTIFIER = com.yuxuan.weather;
				PRODUCT_NAME = "$(TARGET_NAME)";
				SWIFT_SWIFT3_OBJC_INFERENCE = Off;
				SWIFT_VERSION = 5.0;
				TARGETED_DEVICE_FAMILY = 1;
			};
			name = Release;
		};
/* End XCBuildConfiguration section */

/* Begin XCConfigurationList section */
		63E28AC61B99C32400FBF6E0 /* Build configuration list for PBXProject "WeatherApp" */ = {
			isa = XCConfigurationList;
			buildConfigurations = (
				63E28AE81B99C32400FBF6E0 /* Debug */,
				63E28AE91B99C32400FBF6E0 /* Release */,
			);
			defaultConfigurationIsVisible = 0;
			defaultConfigurationName = Release;
		};
		63E28AEA1B99C32400FBF6E0 /* Build configuration list for PBXNativeTarget "WeatherApp" */ = {
			isa = XCConfigurationList;
			buildConfigurations = (
				63E28AEB1B99C32400FBF6E0 /* Debug */,
				63E28AEC1B99C32400FBF6E0 /* Release */,
			);
			defaultConfigurationIsVisible = 0;
			defaultConfigurationName = Release;
		};
/* End XCConfigurationList section */
	};
	rootObject = 63E28AC31B99C32400FBF6E0 /* Project object */;
}
